
Microsoft Visual Studio Solution File, Format Version 12.00
# Visual Studio Version 17
VisualStudioVersion = 17.2.32602.215
MinimumVisualStudioVersion = 10.0.40219.1
Project("{8BC9CEB8-8B4A-11D0-8D11-00A0C91BC942}") = "inyectarCodigoSGSSI", "inyectarCodigoSGSSI\inyectarCodigoSGSSI.vcxproj", "{D3B7857F-4517-46E2-A377-C13263E43B1C}"
EndProject
Global
	GlobalSection(SolutionConfigurationPlatforms) = preSolution
		Debug|x64 = Debug|x64
		Debug|x86 = Debug|x86
		Release|x64 = Release|x64
		Release|x86 = Release|x86
	EndGlobalSection
	GlobalSection(ProjectConfigurationPlatforms) = postSolution
		{D3B7857F-4517-46E2-A377-C13263E43B1C}.Debug|x64.ActiveCfg = Debug|x64
		{D3B7857F-4517-46E2-A377-C13263E43B1C}.Debug|x64.Build.0 = Debug|x64
		{D3B7857F-4517-46E2-A377-C13263E43B1C}.Debug|x86.ActiveCfg = Debug|Win32
		{D3B7857F-4517-46E2-A377-C13263E43B1C}.Debug|x86.Build.0 = Debug|Win32
		{D3B7857F-4517-46E2-A377-C13263E43B1C}.Release|x64.ActiveCfg = Release|x64
		{D3B7857F-4517-46E2-A377-C13263E43B1C}.Release|x64.Build.0 = Release|x64
		{D3B7857F-4517-46E2-A377-C13263E43B1C}.Release|x86.ActiveCfg = Release|Win32
		{D3B7857F-4517-46E2-A377-C13263E43B1C}.Release|x86.Build.0 = Release|Win32
	EndGlobalSection
	GlobalSection(SolutionProperties) = preSolution
		HideSolutionNode = FALSE
	EndGlobalSection
	GlobalSection(ExtensibilityGlobals) = postSolution
		SolutionGuid = {EBCCFC4E-C970-4B12-AF60-2E4884999287}
	EndGlobalSection
EndGlobal
